
Microsoft Visual Studio Solution File, Format Version 12.00
# Visual Studio Version 16
VisualStudioVersion = 16.0.31005.135
MinimumVisualStudioVersion = 10.0.40219.1
Project("{9A19103F-16F7-4668-BE54-9A1E7A4F7556}") = "Hangfire", "Hangfire\Hangfire.csproj", "{C2E69591-F95E-4FE8-8250-35C31C72BDC1}"
EndProject
Project("{9A19103F-16F7-4668-BE54-9A1E7A4F7556}") = "KI.Jobs.3DmodelSync", "..\KI.Jobs.3DmodelSync\KI.Jobs.3DmodelSync\KI.Jobs.3DmodelSync.csproj", "{73723D14-B38C-4321-9551-C8F1C0EEA10C}"
EndProject
Global
	GlobalSection(SolutionConfigurationPlatforms) = preSolution
		Debug|Any CPU = Debug|Any CPU
		Release|Any CPU = Release|Any CPU
	EndGlobalSection
	GlobalSection(ProjectConfigurationPlatforms) = postSolution
		{C2E69591-F95E-4FE8-8250-35C31C72BDC1}.Debug|Any CPU.ActiveCfg = Debug|Any CPU
		{C2E69591-F95E-4FE8-8250-35C31C72BDC1}.Debug|Any CPU.Build.0 = Debug|Any CPU
		{C2E69591-F95E-4FE8-8250-35C31C72BDC1}.Release|Any CPU.ActiveCfg = Release|Any CPU
		{C2E69591-F95E-4FE8-8250-35C31C72BDC1}.Release|Any CPU.Build.0 = Release|Any CPU
		{73723D14-B38C-4321-9551-C8F1C0EEA10C}.Debug|Any CPU.ActiveCfg = Debug|Any CPU
		{73723D14-B38C-4321-9551-C8F1C0EEA10C}.Debug|Any CPU.Build.0 = Debug|Any CPU
		{73723D14-B38C-4321-9551-C8F1C0EEA10C}.Release|Any CPU.ActiveCfg = Release|Any CPU
		{73723D14-B38C-4321-9551-C8F1C0EEA10C}.Release|Any CPU.Build.0 = Release|Any CPU
	EndGlobalSection
	GlobalSection(SolutionProperties) = preSolution
		HideSolutionNode = FALSE
	EndGlobalSection
	GlobalSection(ExtensibilityGlobals) = postSolution
		SolutionGuid = {BE644D54-2A5C-4EA8-86D5-3F875BB2849D}
	EndGlobalSection
EndGlobal
